
Microsoft Visual Studio Solution File, Format Version 12.00
# Visual Studio Version 16
VisualStudioVersion = 16.0.31702.278
MinimumVisualStudioVersion = 10.0.40219.1
Project("{FAE04EC0-301F-11D3-BF4B-00C04F79EFBC}") = "Okta_Auth", "Okta_Auth\Okta_Auth.csproj", "{B7C8DFAB-E9A8-484B-B1F7-3A2B2D977964}"
EndProject
Global
	GlobalSection(SolutionConfigurationPlatforms) = preSolution
		Debug|Any CPU = Debug|Any CPU
		Release|Any CPU = Release|Any CPU
	EndGlobalSection
	GlobalSection(ProjectConfigurationPlatforms) = postSolution
		{B7C8DFAB-E9A8-484B-B1F7-3A2B2D977964}.Debug|Any CPU.ActiveCfg = Debug|Any CPU
		{B7C8DFAB-E9A8-484B-B1F7-3A2B2D977964}.Debug|Any CPU.Build.0 = Debug|Any CPU
		{B7C8DFAB-E9A8-484B-B1F7-3A2B2D977964}.Release|Any CPU.ActiveCfg = Release|Any CPU
		{B7C8DFAB-E9A8-484B-B1F7-3A2B2D977964}.Release|Any CPU.Build.0 = Release|Any CPU
	EndGlobalSection
	GlobalSection(SolutionProperties) = preSolution
		HideSolutionNode = FALSE
	EndGlobalSection
	GlobalSection(ExtensibilityGlobals) = postSolution
		SolutionGuid = {50D13D10-ECCF-47F3-B50C-FBD2FD52B550}
	EndGlobalSection
EndGlobal
